
Microsoft Visual Studio Solution File, Format Version 12.00
# Visual Studio Version 16
VisualStudioVersion = 16.0.29503.13
MinimumVisualStudioVersion = 10.0.40219.1
Project("{FAE04EC0-301F-11D3-BF4B-00C04F79EFBC}") = "EFTrainingWebApp", "EFTrainingWebApp\EFTrainingWebApp.csproj", "{701F6CD3-639B-4FBA-AAD8-D816632EE01F}"
EndProject
Global
	GlobalSection(SolutionConfigurationPlatforms) = preSolution
		Debug|Any CPU = Debug|Any CPU
		Release|Any CPU = Release|Any CPU
	EndGlobalSection
	GlobalSection(ProjectConfigurationPlatforms) = postSolution
		{701F6CD3-639B-4FBA-AAD8-D816632EE01F}.Debug|Any CPU.ActiveCfg = Debug|Any CPU
		{701F6CD3-639B-4FBA-AAD8-D816632EE01F}.Debug|Any CPU.Build.0 = Debug|Any CPU
		{701F6CD3-639B-4FBA-AAD8-D816632EE01F}.Release|Any CPU.ActiveCfg = Release|Any CPU
		{701F6CD3-639B-4FBA-AAD8-D816632EE01F}.Release|Any CPU.Build.0 = Release|Any CPU
	EndGlobalSection
	GlobalSection(SolutionProperties) = preSolution
		HideSolutionNode = FALSE
	EndGlobalSection
	GlobalSection(ExtensibilityGlobals) = postSolution
		SolutionGuid = {3BC6C80E-BB1D-45E5-89FB-62D1307B2965}
	EndGlobalSection
EndGlobal
